
Microsoft Visual Studio Solution File, Format Version 12.00
# Visual Studio Version 17
VisualStudioVersion = 17.9.34607.119
MinimumVisualStudioVersion = 10.0.40219.1
Project("{2150E333-8FDC-42A3-9474-1A3956D46DE8}") = "Chapter01", "Chapter01", "{1BBEB356-C792-400B-B029-5811C3B42088}"
EndProject
Project("{FAE04EC0-301F-11D3-BF4B-00C04F79EFBC}") = "ProductSample", "Chapter01\ProductSample\ProductSample.csproj", "{204C60DB-0C49-48BD-9C1C-AD3EF896877A}"
EndProject
Project("{FAE04EC0-301F-11D3-BF4B-00C04F79EFBC}") = "Sample_p38", "Chapter01\Sample_p38\Sample_p38.csproj", "{5B413F61-CCAA-4512-98E0-432E725CBE88}"
EndProject
Project("{2150E333-8FDC-42A3-9474-1A3956D46DE8}") = "Chapter02", "Chapter02", "{6ED46AAE-322C-4909-9E5F-9D3E10D6BC04}"
EndProject
Project("{2150E333-8FDC-42A3-9474-1A3956D46DE8}") = "距離換算プログラム", "距離換算プログラム", "{63A71B25-BEF0-45C2-BF10-8D95026B8B72}"
EndProject
Project("{FAE04EC0-301F-11D3-BF4B-00C04F79EFBC}") = "DistanceConverter", "Chapter02\DistanceConverter\DistanceConverter.csproj", "{CD2309F2-976F-4637-8B16-C00A0FDE0C78}"
EndProject
Project("{2150E333-8FDC-42A3-9474-1A3956D46DE8}") = "売り上げ集計プログラム", "売り上げ集計プログラム", "{9B364966-C1DA-40E5-84FA-4C58A5B0181B}"
EndProject
Project("{FAE04EC0-301F-11D3-BF4B-00C04F79EFBC}") = "SalesCounter", "Chapter02\SalesCounter\SalesCounter.csproj", "{60883229-DD01-4438-94FE-12C8B1290559}"
EndProject
Project("{2150E333-8FDC-42A3-9474-1A3956D46DE8}") = "#演習問題", "#演習問題", "{3F82500D-ABC1-4940-80A8-39C492C53EBD}"
EndProject
Project("{FAE04EC0-301F-11D3-BF4B-00C04F79EFBC}") = "Exercise1", "Chapter02\演習問題\Exercise1\Exercise1.csproj", "{51B4F3BE-9BAA-44D2-A87F-D765D2880D4A}"
EndProject
Project("{FAE04EC0-301F-11D3-BF4B-00C04F79EFBC}") = "Exercise2", "Exercise2\Exercise2.csproj", "{897C8586-F25B-430F-B0A9-C2C0AF8E6270}"
EndProject
Project("{2150E333-8FDC-42A3-9474-1A3956D46DE8}") = "FormApp", "FormApp", "{76736587-98B3-4F3D-9CBE-4D95AD271BB3}"
EndProject
Project("{FAE04EC0-301F-11D3-BF4B-00C04F79EFBC}") = "BallApp", "FormApp\BallApp\BallApp.csproj", "{0CFE1BE0-EAB3-40B0-909A-1A55C9A9490C}"
EndProject
Global
	GlobalSection(SolutionConfigurationPlatforms) = preSolution
		Debug|Any CPU = Debug|Any CPU
		Release|Any CPU = Release|Any CPU
	EndGlobalSection
	GlobalSection(ProjectConfigurationPlatforms) = postSolution
		{204C60DB-0C49-48BD-9C1C-AD3EF896877A}.Debug|Any CPU.ActiveCfg = Debug|Any CPU
		{204C60DB-0C49-48BD-9C1C-AD3EF896877A}.Debug|Any CPU.Build.0 = Debug|Any CPU
		{204C60DB-0C49-48BD-9C1C-AD3EF896877A}.Release|Any CPU.ActiveCfg = Release|Any CPU
		{204C60DB-0C49-48BD-9C1C-AD3EF896877A}.Release|Any CPU.Build.0 = Release|Any CPU
		{5B413F61-CCAA-4512-98E0-432E725CBE88}.Debug|Any CPU.ActiveCfg = Debug|Any CPU
		{5B413F61-CCAA-4512-98E0-432E725CBE88}.Debug|Any CPU.Build.0 = Debug|Any CPU
		{5B413F61-CCAA-4512-98E0-432E725CBE88}.Release|Any CPU.ActiveCfg = Release|Any CPU
		{5B413F61-CCAA-4512-98E0-432E725CBE88}.Release|Any CPU.Build.0 = Release|Any CPU
		{CD2309F2-976F-4637-8B16-C00A0FDE0C78}.Debug|Any CPU.ActiveCfg = Debug|Any CPU
		{CD2309F2-976F-4637-8B16-C00A0FDE0C78}.Debug|Any CPU.Build.0 = Debug|Any CPU
		{CD2309F2-976F-4637-8B16-C00A0FDE0C78}.Release|Any CPU.ActiveCfg = Release|Any CPU
		{CD2309F2-976F-4637-8B16-C00A0FDE0C78}.Release|Any CPU.Build.0 = Release|Any CPU
		{60883229-DD01-4438-94FE-12C8B1290559}.Debug|Any CPU.ActiveCfg = Debug|Any CPU
		{60883229-DD01-4438-94FE-12C8B1290559}.Debug|Any CPU.Build.0 = Debug|Any CPU
		{60883229-DD01-4438-94FE-12C8B1290559}.Release|Any CPU.ActiveCfg = Release|Any CPU
		{60883229-DD01-4438-94FE-12C8B1290559}.Release|Any CPU.Build.0 = Release|Any CPU
		{51B4F3BE-9BAA-44D2-A87F-D765D2880D4A}.Debug|Any CPU.ActiveCfg = Debug|Any CPU
		{51B4F3BE-9BAA-44D2-A87F-D765D2880D4A}.Debug|Any CPU.Build.0 = Debug|Any CPU
		{51B4F3BE-9BAA-44D2-A87F-D765D2880D4A}.Release|Any CPU.ActiveCfg = Release|Any CPU
		{51B4F3BE-9BAA-44D2-A87F-D765D2880D4A}.Release|Any CPU.Build.0 = Release|Any CPU
		{897C8586-F25B-430F-B0A9-C2C0AF8E6270}.Debug|Any CPU.ActiveCfg = Debug|Any CPU
		{897C8586-F25B-430F-B0A9-C2C0AF8E6270}.Debug|Any CPU.Build.0 = Debug|Any CPU
		{897C8586-F25B-430F-B0A9-C2C0AF8E6270}.Release|Any CPU.ActiveCfg = Release|Any CPU
		{897C8586-F25B-430F-B0A9-C2C0AF8E6270}.Release|Any CPU.Build.0 = Release|Any CPU
		{0CFE1BE0-EAB3-40B0-909A-1A55C9A9490C}.Debug|Any CPU.ActiveCfg = Debug|Any CPU
		{0CFE1BE0-EAB3-40B0-909A-1A55C9A9490C}.Debug|Any CPU.Build.0 = Debug|Any CPU
		{0CFE1BE0-EAB3-40B0-909A-1A55C9A9490C}.Release|Any CPU.ActiveCfg = Release|Any CPU
		{0CFE1BE0-EAB3-40B0-909A-1A55C9A9490C}.Release|Any CPU.Build.0 = Release|Any CPU
	EndGlobalSection
	GlobalSection(SolutionProperties) = preSolution
		HideSolutionNode = FALSE
	EndGlobalSection
	GlobalSection(NestedProjects) = preSolution
		{204C60DB-0C49-48BD-9C1C-AD3EF896877A} = {1BBEB356-C792-400B-B029-5811C3B42088}
		{5B413F61-CCAA-4512-98E0-432E725CBE88} = {1BBEB356-C792-400B-B029-5811C3B42088}
		{63A71B25-BEF0-45C2-BF10-8D95026B8B72} = {6ED46AAE-322C-4909-9E5F-9D3E10D6BC04}
		{CD2309F2-976F-4637-8B16-C00A0FDE0C78} = {63A71B25-BEF0-45C2-BF10-8D95026B8B72}
		{9B364966-C1DA-40E5-84FA-4C58A5B0181B} = {6ED46AAE-322C-4909-9E5F-9D3E10D6BC04}
		{60883229-DD01-4438-94FE-12C8B1290559} = {9B364966-C1DA-40E5-84FA-4C58A5B0181B}
		{3F82500D-ABC1-4940-80A8-39C492C53EBD} = {6ED46AAE-322C-4909-9E5F-9D3E10D6BC04}
		{51B4F3BE-9BAA-44D2-A87F-D765D2880D4A} = {3F82500D-ABC1-4940-80A8-39C492C53EBD}
		{897C8586-F25B-430F-B0A9-C2C0AF8E6270} = {3F82500D-ABC1-4940-80A8-39C492C53EBD}
		{0CFE1BE0-EAB3-40B0-909A-1A55C9A9490C} = {76736587-98B3-4F3D-9CBE-4D95AD271BB3}
	EndGlobalSection
	GlobalSection(ExtensibilityGlobals) = postSolution
		SolutionGuid = {9C8087DD-F118-4FF7-B72F-85FD77E15625}
	EndGlobalSection
EndGlobal
