
Microsoft Visual Studio Solution File, Format Version 12.00
# Visual Studio Version 17
VisualStudioVersion = 17.9.34607.119
MinimumVisualStudioVersion = 10.0.40219.1
Project("{2150E333-8FDC-42A3-9474-1A3956D46DE8}") = "Chapter01", "Chapter01", "{1BBEB356-C792-400B-B029-5811C3B42088}"
EndProject
Project("{FAE04EC0-301F-11D3-BF4B-00C04F79EFBC}") = "ProductSample", "Chapter01\ProductSample\ProductSample.csproj", "{204C60DB-0C49-48BD-9C1C-AD3EF896877A}"
EndProject
Project("{FAE04EC0-301F-11D3-BF4B-00C04F79EFBC}") = "Sample_p38", "Chapter01\Sample_p38\Sample_p38.csproj", "{5B413F61-CCAA-4512-98E0-432E725CBE88}"
EndProject
Project("{2150E333-8FDC-42A3-9474-1A3956D46DE8}") = "Chapter02", "Chapter02", "{6ED46AAE-322C-4909-9E5F-9D3E10D6BC04}"
EndProject
Project("{2150E333-8FDC-42A3-9474-1A3956D46DE8}") = "距離換算プログラム", "距離換算プログラム", "{63A71B25-BEF0-45C2-BF10-8D95026B8B72}"
EndProject
Project("{FAE04EC0-301F-11D3-BF4B-00C04F79EFBC}") = "DistanceConverter", "Chapter02\DistanceConverter\DistanceConverter.csproj", "{CD2309F2-976F-4637-8B16-C00A0FDE0C78}"
EndProject
Project("{2150E333-8FDC-42A3-9474-1A3956D46DE8}") = "売り上げ集計プログラム", "売り上げ集計プログラム", "{9B364966-C1DA-40E5-84FA-4C58A5B0181B}"
EndProject
Project("{FAE04EC0-301F-11D3-BF4B-00C04F79EFBC}") = "SalesCounter", "Chapter02\SalesCounter\SalesCounter.csproj", "{60883229-DD01-4438-94FE-12C8B1290559}"
EndProject
Project("{2150E333-8FDC-42A3-9474-1A3956D46DE8}") = "#演習問題", "#演習問題", "{3F82500D-ABC1-4940-80A8-39C492C53EBD}"
EndProject
Project("{FAE04EC0-301F-11D3-BF4B-00C04F79EFBC}") = "Exercise1", "Chapter02\演習問題\Exercise1\Exercise1.csproj", "{51B4F3BE-9BAA-44D2-A87F-D765D2880D4A}"
EndProject
Project("{FAE04EC0-301F-11D3-BF4B-00C04F79EFBC}") = "Exercise2", "Exercise2\Exercise2.csproj", "{897C8586-F25B-430F-B0A9-C2C0AF8E6270}"
EndProject
Project("{2150E333-8FDC-42A3-9474-1A3956D46DE8}") = "FormApp", "FormApp", "{76736587-98B3-4F3D-9CBE-4D95AD271BB3}"
EndProject
Project("{9A19103F-16F7-4668-BE54-9A1E7A4F7556}") = "BallApp", "FormApp\BallApp\BallApp.csproj", "{0CFE1BE0-EAB3-40B0-909A-1A55C9A9490C}"
EndProject
Project("{2150E333-8FDC-42A3-9474-1A3956D46DE8}") = "Chapter03", "Chapter03", "{236DB2A6-05F4-4549-AD82-634305B2B964}"
EndProject
Project("{FAE04EC0-301F-11D3-BF4B-00C04F79EFBC}") = "Section01", "Chapter03\Section01\Section01.csproj", "{F2D810ED-2577-47C6-A3FD-83D8DBC01EC2}"
EndProject
Project("{2150E333-8FDC-42A3-9474-1A3956D46DE8}") = "演習問題", "演習問題", "{AAC07CAA-4630-45FC-8F66-338FA21D2E5C}"
EndProject
Project("{FAE04EC0-301F-11D3-BF4B-00C04F79EFBC}") = "Exercise01", "Chapter03\演習問題\Exercise01\Exercise01.csproj", "{2EE659CC-E4CA-4BD2-8A34-316883AABE59}"
EndProject
Project("{FAE04EC0-301F-11D3-BF4B-00C04F79EFBC}") = "Exercise02", "Chapter03\演習問題\Exercise02\Exwecise02\Exercise02.csproj", "{36EB539C-62C8-4D23-8197-A922A482971A}"
EndProject
Project("{2150E333-8FDC-42A3-9474-1A3956D46DE8}") = "Chapter04", "Chapter04", "{B3039825-1A8A-4340-AB1E-20F8BD1FE3E7}"
EndProject
Project("{FAE04EC0-301F-11D3-BF4B-00C04F79EFBC}") = "Section01", "Chapter04\Section01\Section01.csproj", "{CCA9A935-C9FA-4664-8B3A-63924F8F1FA4}"
EndProject
Project("{2150E333-8FDC-42A3-9474-1A3956D46DE8}") = "演習問題", "演習問題", "{F333117C-133B-46A8-AA78-295C2EC9FFA3}"
EndProject
Project("{FAE04EC0-301F-11D3-BF4B-00C04F79EFBC}") = "Exercise01", "Chapter04\演習問題\Exercise01\Exercise01.csproj", "{FBF0594A-4FEF-4E80-A8EA-786E27096653}"
EndProject
Project("{FAE04EC0-301F-11D3-BF4B-00C04F79EFBC}") = "Exercise02", "Chapter04\演習問題\Exercise02\Exercise02.csproj", "{48ECCD7C-6400-4501-B800-FE69461E592C}"
EndProject
Project("{2150E333-8FDC-42A3-9474-1A3956D46DE8}") = "Chapter05", "Chapter05", "{1964DBEF-3016-46FB-8BCB-34D64BACAA8B}"
EndProject
Project("{2150E333-8FDC-42A3-9474-1A3956D46DE8}") = "演習問題", "演習問題", "{D1554C10-977D-46FE-8019-4D31A596F706}"
EndProject
Project("{FAE04EC0-301F-11D3-BF4B-00C04F79EFBC}") = "Exercise01", "Chapter05\演習問題\Exercise01\Exercise01.csproj", "{1ECA65DC-0692-48C6-BB41-DB293FAA5B09}"
EndProject
Project("{FAE04EC0-301F-11D3-BF4B-00C04F79EFBC}") = "Exercise02", "Chapter05\演習問題\Exercise02\Exercise02.csproj", "{4600799E-29CD-4AEC-AA2F-0DEA481B5718}"
EndProject
Project("{FAE04EC0-301F-11D3-BF4B-00C04F79EFBC}") = "Exercise03", "Chapter05\演習問題\Exercise03\Exercise03.csproj", "{0B05F599-0457-41DE-B395-A03A70BDE0CE}"
EndProject
Project("{2150E333-8FDC-42A3-9474-1A3956D46DE8}") = "Chapter06", "Chapter06", "{01517A37-557E-4E57-B1E7-F31626AE52C9}"
EndProject
Project("{2150E333-8FDC-42A3-9474-1A3956D46DE8}") = "演習問題", "演習問題", "{5AC061CD-BAA5-45FC-BD4F-E9A75BCA046D}"
EndProject
Project("{FAE04EC0-301F-11D3-BF4B-00C04F79EFBC}") = "Exercise01", "Chapter06\演習問題\Exercise01\Exercise01.csproj", "{E989DAA4-70DA-4B02-9BBE-5607F8A393AA}"
EndProject
Project("{FAE04EC0-301F-11D3-BF4B-00C04F79EFBC}") = "Exercise02", "Chapter06\演習問題\Exercise02\Exercise02.csproj", "{707A05C0-4366-43CC-AC4C-E519E006E38F}"
EndProject
Project("{FAE04EC0-301F-11D3-BF4B-00C04F79EFBC}") = "Section01", "Chapter06\Section01\Section01.csproj", "{9C21CE1F-6346-424E-B7B8-019625F2C2BB}"
EndProject
Project("{2150E333-8FDC-42A3-9474-1A3956D46DE8}") = "Chapter07", "Chapter07", "{5E56D531-DCE7-46F4-BC8E-C88BEA051F59}"
EndProject
Project("{FAE04EC0-301F-11D3-BF4B-00C04F79EFBC}") = "Section01", "Chapter07\Section01\Section01.csproj", "{43739992-6FFF-48BF-A507-D5A211134E76}"
EndProject
Project("{FAE04EC0-301F-11D3-BF4B-00C04F79EFBC}") = "Section02", "Chapter07\Section02\Section02.csproj", "{1A22A4F7-7F71-48BE-B7AD-145BBB52C594}"
EndProject
Project("{2150E333-8FDC-42A3-9474-1A3956D46DE8}") = "Test2406", "Test2406", "{3173C63E-530D-4275-9D13-8AF32D79E2AE}"
EndProject
Project("{FAE04EC0-301F-11D3-BF4B-00C04F79EFBC}") = "Test01", "TestProject\Test01\Test01.csproj", "{2BFACDC3-F44D-4199-8498-F5C3C4AC0335}"
EndProject
Project("{FAE04EC0-301F-11D3-BF4B-00C04F79EFBC}") = "Test02", "TestProject\Test02\Test02.csproj", "{E461C0A8-8900-485C-B520-E929BA33F712}"
EndProject
Project("{FAE04EC0-301F-11D3-BF4B-00C04F79EFBC}") = "Section03", "Chapter07\Section03\Section03.csproj", "{9CE98F00-53EA-44AC-B3A0-0417A4EAB6D2}"
EndProject
Project("{FAE04EC0-301F-11D3-BF4B-00C04F79EFBC}") = "Section04", "Chapter07\Section04\Section04.csproj", "{26637CD5-EA8E-4EDB-9DB7-71DB8B62BAC3}"
EndProject
Project("{2150E333-8FDC-42A3-9474-1A3956D46DE8}") = "Chapter08", "Chapter08", "{BDA05BED-8FB4-42E2-A0C2-550A2BDE05AF}"
EndProject
Project("{FAE04EC0-301F-11D3-BF4B-00C04F79EFBC}") = "Section01", "Chapter08\Section01\Section01.csproj", "{9BE3DFBA-0785-4990-A899-E2088F492DFC}"
EndProject
Project("{9A19103F-16F7-4668-BE54-9A1E7A4F7556}") = "CarReportSystem", "FormApp\CarReportSystem\CarReportSystem.csproj", "{3DB212CB-D3C8-4E9B-8B59-64813767EEF7}"
EndProject
Project("{2150E333-8FDC-42A3-9474-1A3956D46DE8}") = "演習問題", "演習問題", "{98D93800-11C4-41FC-BCB8-19EE684F73D2}"
EndProject
Project("{FAE04EC0-301F-11D3-BF4B-00C04F79EFBC}") = "Exercise01", "Chapter08\演習問題\Exercise01\Exercise01.csproj", "{25D84666-9BB9-46DD-97B5-6B8308293DEE}"
EndProject
Project("{2150E333-8FDC-42A3-9474-1A3956D46DE8}") = "Chapter11", "Chapter11", "{A5EE06F4-DD89-46A6-8413-44E64A6AF29A}"
EndProject
Project("{FAE04EC0-301F-11D3-BF4B-00C04F79EFBC}") = "Section01", "Chapter11\Section01\Section01.csproj", "{99D80059-DBCA-42A7-9A7B-3FEDD26652FA}"
EndProject
Project("{FAE04EC0-301F-11D3-BF4B-00C04F79EFBC}") = "Exercise01", "Chapter11\演習問題\Exercise01\Exercise01.csproj", "{46E83855-247C-4B32-882A-A2A1DF89BE52}"
EndProject
Project("{FAE04EC0-301F-11D3-BF4B-00C04F79EFBC}") = "Section02", "Chapter11\Section02\Section02.csproj", "{E076E3D4-C98E-4C06-9FD1-8B6464E56227}"
EndProject
Project("{2150E333-8FDC-42A3-9474-1A3956D46DE8}") = "Chapter12", "Chapter12", "{D6856641-CD60-4AD9-9C0A-15A1A87C8871}"
EndProject
Project("{FAE04EC0-301F-11D3-BF4B-00C04F79EFBC}") = "Section01", "Chapter12\Section01\Section01.csproj", "{8D431233-9C97-42C8-A9DE-92DB323A8C48}"
EndProject
Project("{2150E333-8FDC-42A3-9474-1A3956D46DE8}") = "演習問題", "演習問題", "{EF189876-29D2-47D4-B2F5-10F3FCE4D573}"
EndProject
Project("{FAE04EC0-301F-11D3-BF4B-00C04F79EFBC}") = "Exercise01", "Chapter12\演習問題\Exercise01\Exercise01.csproj", "{A50601C3-C523-4170-A236-4AE93C2B7A3B}"
EndProject
Project("{FAE04EC0-301F-11D3-BF4B-00C04F79EFBC}") = "Section02", "Chapter12\Section02\Section02.csproj", "{3ED2C903-4A14-4AE7-99B9-7879333C1C0E}"
EndProject
Project("{FAE04EC0-301F-11D3-BF4B-00C04F79EFBC}") = "RssReader", "FormApp\RssReader\RssReader.csproj", "{8FA80A76-921E-47DD-88A3-6156A255E474}"
EndProject
Project("{2150E333-8FDC-42A3-9474-1A3956D46DE8}") = "Chapter13", "Chapter13", "{0BD67FC8-0266-4E84-92FC-03BD95DCAB52}"
EndProject
Project("{FAE04EC0-301F-11D3-BF4B-00C04F79EFBC}") = "SampleEntityFramework", "Chapter13\SampleEntityFramework\SampleEntityFramework.csproj", "{8D9ED8A0-B0C7-4CFD-AD3F-8C32B4F839CD}"
EndProject
Project("{FAE04EC0-301F-11D3-BF4B-00C04F79EFBC}") = "ADOSample", "FormApp\ADOSample\ADOSample.csproj", "{C972DF21-B569-4480-BE05-56852E9F53D4}"
EndProject
Project("{2150E333-8FDC-42A3-9474-1A3956D46DE8}") = "Chapter15", "Chapter15", "{069579A7-4C3A-41CB-82CB-7010729D2CCA}"
EndProject
Project("{FAE04EC0-301F-11D3-BF4B-00C04F79EFBC}") = "Section01", "Chapter15\Section01\Section01.csproj", "{8D58852A-0B3B-4E7E-87A2-0E04D8E9E2C6}"
EndProject
Project("{2150E333-8FDC-42A3-9474-1A3956D46DE8}") = "演習問題", "演習問題", "{4A0B7DF2-0D3F-429F-A30E-C50536A0E053}"
EndProject
Project("{FAE04EC0-301F-11D3-BF4B-00C04F79EFBC}") = "Exercise01", "Chapter15\演習問題\Exercise01\Exercise01.csproj", "{87D2CBB2-04F2-4FD7-9257-7A29A6DBB732}"
EndProject
Project("{2150E333-8FDC-42A3-9474-1A3956D46DE8}") = "Chapter16", "Chapter16", "{69B925F9-404A-41F1-AB09-65E777416B68}"
EndProject
Project("{FAE04EC0-301F-11D3-BF4B-00C04F79EFBC}") = "Section03", "Chapter16\Section03\Section03.csproj", "{54749260-A59D-421C-A37D-8CFC986C53E2}"
EndProject
Project("{FAE04EC0-301F-11D3-BF4B-00C04F79EFBC}") = "Section04", "Chapter16\Section04\Section04.csproj", "{0B81B51E-4602-41B6-BAC1-D447C41B7D8A}"
EndProject
Project("{2150E333-8FDC-42A3-9474-1A3956D46DE8}") = "Chapter17", "Chapter17", "{DE853621-22FC-478C-AC1D-97E90E298881}"
EndProject
Project("{FAE04EC0-301F-11D3-BF4B-00C04F79EFBC}") = "Section01", "Chapter17\Section01\Section01.csproj", "{B63D7451-B4E9-4883-B784-18C6800CE318}"
EndProject
Project("{FAE04EC0-301F-11D3-BF4B-00C04F79EFBC}") = "Section02", "Chapter17\Section02\Section02.csproj", "{0DBCEAFE-F5B1-47A9-B708-1B201AC95AE6}"
EndProject
Project("{2150E333-8FDC-42A3-9474-1A3956D46DE8}") = "TemplateMethod", "TemplateMethod", "{C2013337-01EC-41B5-AD56-BACE8E0E5099}"
EndProject
Project("{FAE04EC0-301F-11D3-BF4B-00C04F79EFBC}") = "LineCounter", "Chapter17\TemplateMethod\LineCounter\LineCounter.csproj", "{7155CC8C-F7D3-425B-BECB-3E0882D32DCE}"
EndProject
Project("{2150E333-8FDC-42A3-9474-1A3956D46DE8}") = "Strategy", "Strategy", "{F3EE282F-7F23-4395-BF2A-281122CDE7DA}"
EndProject
Project("{FAE04EC0-301F-11D3-BF4B-00C04F79EFBC}") = "DistanceConverter", "Chapter17\Strategy\DistanceConverter\DistanceConverter.csproj", "{C55AE10A-00DC-493A-BF5A-2C4210165222}"
EndProject
Project("{FAE04EC0-301F-11D3-BF4B-00C04F79EFBC}") = "TextNumberChangeProcessor", "Chapter17\TemplateMethod\TextNumberSizeChange\TextNumberChangeProcessor.csproj", "{E5E8F48D-EF5E-4864-A015-A0DBEBE14C36}"
EndProject
Project("{FAE04EC0-301F-11D3-BF4B-00C04F79EFBC}") = "TextFileProcessor", "Chapter17\TemplateMethod\TextFileProcessor\TextFileProcessor.csproj", "{7B470022-9102-4CC5-B7D6-3316BE3254FE}"
EndProject
Project("{2150E333-8FDC-42A3-9474-1A3956D46DE8}") = "WPF", "WPF", "{72CB5FF0-E7DB-4679-A4D7-8FB79313E438}"
EndProject
Project("{FAE04EC0-301F-11D3-BF4B-00C04F79EFBC}") = "SampleApplication", "WPF\SampleApplication\SampleApplication.csproj", "{E8523F16-9C31-4E93-B9B3-EC58AEAF8EF9}"
EndProject
Project("{FAE04EC0-301F-11D3-BF4B-00C04F79EFBC}") = "GridSample", "WPF\GridSample\GridSample.csproj", "{A0DD6F00-150C-42A3-960C-8326F3821C6F}"
EndProject
Project("{FAE04EC0-301F-11D3-BF4B-00C04F79EFBC}") = "SampleSlider", "WPF\SampleSlider\SampleSlider.csproj", "{766D769B-C3EB-4405-86D3-82588BF043EB}"
EndProject
Project("{FAE04EC0-301F-11D3-BF4B-00C04F79EFBC}") = "ColorChecker", "WPF\ColorChecker\ColorChecker.csproj", "{9119D40A-2850-4D66-B436-E1417F4828AE}"
EndProject
Project("{FAE04EC0-301F-11D3-BF4B-00C04F79EFBC}") = "SampleUnitComverter", "WPF\SampleUnitComverter\SampleUnitComverter.csproj", "{F281AD77-E9E2-4746-817D-64F614D47A4F}"
EndProject
Project("{FAE04EC0-301F-11D3-BF4B-00C04F79EFBC}") = "SampleWeightUnitConverter", "WPF\SampleWeightUnitConverter\SampleWeightUnitConverter.csproj", "{088B9DDC-BA3C-4FF0-8D28-9A0DD98ADB83}"
EndProject
Project("{FAE04EC0-301F-11D3-BF4B-00C04F79EFBC}") = "VisibilityConverter", "WPF\VisibilityConverter\VisibilityConverter.csproj", "{0F1D5C34-C52B-48A7-BE1C-452B1405148A}"
EndProject
Project("{2150E333-8FDC-42A3-9474-1A3956D46DE8}") = "SQLite", "SQLite", "{6A98B239-A305-4371-AD02-EB8EAB101968}"
EndProject
Project("{FAE04EC0-301F-11D3-BF4B-00C04F79EFBC}") = "CustomerApp", "SQLite\CustomerApp\CustomerApp.csproj", "{8D13769B-834D-47BF-A407-CF6DA758F732}"
EndProject
Global
	GlobalSection(SolutionConfigurationPlatforms) = preSolution
		Debug|Any CPU = Debug|Any CPU
		Release|Any CPU = Release|Any CPU
	EndGlobalSection
	GlobalSection(ProjectConfigurationPlatforms) = postSolution
		{204C60DB-0C49-48BD-9C1C-AD3EF896877A}.Debug|Any CPU.ActiveCfg = Debug|Any CPU
		{204C60DB-0C49-48BD-9C1C-AD3EF896877A}.Debug|Any CPU.Build.0 = Debug|Any CPU
		{204C60DB-0C49-48BD-9C1C-AD3EF896877A}.Release|Any CPU.ActiveCfg = Release|Any CPU
		{204C60DB-0C49-48BD-9C1C-AD3EF896877A}.Release|Any CPU.Build.0 = Release|Any CPU
		{5B413F61-CCAA-4512-98E0-432E725CBE88}.Debug|Any CPU.ActiveCfg = Debug|Any CPU
		{5B413F61-CCAA-4512-98E0-432E725CBE88}.Debug|Any CPU.Build.0 = Debug|Any CPU
		{5B413F61-CCAA-4512-98E0-432E725CBE88}.Release|Any CPU.ActiveCfg = Release|Any CPU
		{5B413F61-CCAA-4512-98E0-432E725CBE88}.Release|Any CPU.Build.0 = Release|Any CPU
		{CD2309F2-976F-4637-8B16-C00A0FDE0C78}.Debug|Any CPU.ActiveCfg = Debug|Any CPU
		{CD2309F2-976F-4637-8B16-C00A0FDE0C78}.Debug|Any CPU.Build.0 = Debug|Any CPU
		{CD2309F2-976F-4637-8B16-C00A0FDE0C78}.Release|Any CPU.ActiveCfg = Release|Any CPU
		{CD2309F2-976F-4637-8B16-C00A0FDE0C78}.Release|Any CPU.Build.0 = Release|Any CPU
		{60883229-DD01-4438-94FE-12C8B1290559}.Debug|Any CPU.ActiveCfg = Debug|Any CPU
		{60883229-DD01-4438-94FE-12C8B1290559}.Debug|Any CPU.Build.0 = Debug|Any CPU
		{60883229-DD01-4438-94FE-12C8B1290559}.Release|Any CPU.ActiveCfg = Release|Any CPU
		{60883229-DD01-4438-94FE-12C8B1290559}.Release|Any CPU.Build.0 = Release|Any CPU
		{51B4F3BE-9BAA-44D2-A87F-D765D2880D4A}.Debug|Any CPU.ActiveCfg = Debug|Any CPU
		{51B4F3BE-9BAA-44D2-A87F-D765D2880D4A}.Debug|Any CPU.Build.0 = Debug|Any CPU
		{51B4F3BE-9BAA-44D2-A87F-D765D2880D4A}.Release|Any CPU.ActiveCfg = Release|Any CPU
		{51B4F3BE-9BAA-44D2-A87F-D765D2880D4A}.Release|Any CPU.Build.0 = Release|Any CPU
		{897C8586-F25B-430F-B0A9-C2C0AF8E6270}.Debug|Any CPU.ActiveCfg = Debug|Any CPU
		{897C8586-F25B-430F-B0A9-C2C0AF8E6270}.Debug|Any CPU.Build.0 = Debug|Any CPU
		{897C8586-F25B-430F-B0A9-C2C0AF8E6270}.Release|Any CPU.ActiveCfg = Release|Any CPU
		{897C8586-F25B-430F-B0A9-C2C0AF8E6270}.Release|Any CPU.Build.0 = Release|Any CPU
		{0CFE1BE0-EAB3-40B0-909A-1A55C9A9490C}.Debug|Any CPU.ActiveCfg = Debug|Any CPU
		{0CFE1BE0-EAB3-40B0-909A-1A55C9A9490C}.Debug|Any CPU.Build.0 = Debug|Any CPU
		{0CFE1BE0-EAB3-40B0-909A-1A55C9A9490C}.Release|Any CPU.ActiveCfg = Release|Any CPU
		{0CFE1BE0-EAB3-40B0-909A-1A55C9A9490C}.Release|Any CPU.Build.0 = Release|Any CPU
		{F2D810ED-2577-47C6-A3FD-83D8DBC01EC2}.Debug|Any CPU.ActiveCfg = Debug|Any CPU
		{F2D810ED-2577-47C6-A3FD-83D8DBC01EC2}.Debug|Any CPU.Build.0 = Debug|Any CPU
		{F2D810ED-2577-47C6-A3FD-83D8DBC01EC2}.Release|Any CPU.ActiveCfg = Release|Any CPU
		{F2D810ED-2577-47C6-A3FD-83D8DBC01EC2}.Release|Any CPU.Build.0 = Release|Any CPU
		{2EE659CC-E4CA-4BD2-8A34-316883AABE59}.Debug|Any CPU.ActiveCfg = Debug|Any CPU
		{2EE659CC-E4CA-4BD2-8A34-316883AABE59}.Debug|Any CPU.Build.0 = Debug|Any CPU
		{2EE659CC-E4CA-4BD2-8A34-316883AABE59}.Release|Any CPU.ActiveCfg = Release|Any CPU
		{2EE659CC-E4CA-4BD2-8A34-316883AABE59}.Release|Any CPU.Build.0 = Release|Any CPU
		{36EB539C-62C8-4D23-8197-A922A482971A}.Debug|Any CPU.ActiveCfg = Debug|Any CPU
		{36EB539C-62C8-4D23-8197-A922A482971A}.Debug|Any CPU.Build.0 = Debug|Any CPU
		{36EB539C-62C8-4D23-8197-A922A482971A}.Release|Any CPU.ActiveCfg = Release|Any CPU
		{36EB539C-62C8-4D23-8197-A922A482971A}.Release|Any CPU.Build.0 = Release|Any CPU
		{CCA9A935-C9FA-4664-8B3A-63924F8F1FA4}.Debug|Any CPU.ActiveCfg = Debug|Any CPU
		{CCA9A935-C9FA-4664-8B3A-63924F8F1FA4}.Debug|Any CPU.Build.0 = Debug|Any CPU
		{CCA9A935-C9FA-4664-8B3A-63924F8F1FA4}.Release|Any CPU.ActiveCfg = Release|Any CPU
		{CCA9A935-C9FA-4664-8B3A-63924F8F1FA4}.Release|Any CPU.Build.0 = Release|Any CPU
		{FBF0594A-4FEF-4E80-A8EA-786E27096653}.Debug|Any CPU.ActiveCfg = Debug|Any CPU
		{FBF0594A-4FEF-4E80-A8EA-786E27096653}.Debug|Any CPU.Build.0 = Debug|Any CPU
		{FBF0594A-4FEF-4E80-A8EA-786E27096653}.Release|Any CPU.ActiveCfg = Release|Any CPU
		{FBF0594A-4FEF-4E80-A8EA-786E27096653}.Release|Any CPU.Build.0 = Release|Any CPU
		{48ECCD7C-6400-4501-B800-FE69461E592C}.Debug|Any CPU.ActiveCfg = Debug|Any CPU
		{48ECCD7C-6400-4501-B800-FE69461E592C}.Debug|Any CPU.Build.0 = Debug|Any CPU
		{48ECCD7C-6400-4501-B800-FE69461E592C}.Release|Any CPU.ActiveCfg = Release|Any CPU
		{48ECCD7C-6400-4501-B800-FE69461E592C}.Release|Any CPU.Build.0 = Release|Any CPU
		{1ECA65DC-0692-48C6-BB41-DB293FAA5B09}.Debug|Any CPU.ActiveCfg = Debug|Any CPU
		{1ECA65DC-0692-48C6-BB41-DB293FAA5B09}.Debug|Any CPU.Build.0 = Debug|Any CPU
		{1ECA65DC-0692-48C6-BB41-DB293FAA5B09}.Release|Any CPU.ActiveCfg = Release|Any CPU
		{1ECA65DC-0692-48C6-BB41-DB293FAA5B09}.Release|Any CPU.Build.0 = Release|Any CPU
		{4600799E-29CD-4AEC-AA2F-0DEA481B5718}.Debug|Any CPU.ActiveCfg = Debug|Any CPU
		{4600799E-29CD-4AEC-AA2F-0DEA481B5718}.Debug|Any CPU.Build.0 = Debug|Any CPU
		{4600799E-29CD-4AEC-AA2F-0DEA481B5718}.Release|Any CPU.ActiveCfg = Release|Any CPU
		{4600799E-29CD-4AEC-AA2F-0DEA481B5718}.Release|Any CPU.Build.0 = Release|Any CPU
		{0B05F599-0457-41DE-B395-A03A70BDE0CE}.Debug|Any CPU.ActiveCfg = Debug|Any CPU
		{0B05F599-0457-41DE-B395-A03A70BDE0CE}.Debug|Any CPU.Build.0 = Debug|Any CPU
		{0B05F599-0457-41DE-B395-A03A70BDE0CE}.Release|Any CPU.ActiveCfg = Release|Any CPU
		{0B05F599-0457-41DE-B395-A03A70BDE0CE}.Release|Any CPU.Build.0 = Release|Any CPU
		{E989DAA4-70DA-4B02-9BBE-5607F8A393AA}.Debug|Any CPU.ActiveCfg = Debug|Any CPU
		{E989DAA4-70DA-4B02-9BBE-5607F8A393AA}.Debug|Any CPU.Build.0 = Debug|Any CPU
		{E989DAA4-70DA-4B02-9BBE-5607F8A393AA}.Release|Any CPU.ActiveCfg = Release|Any CPU
		{E989DAA4-70DA-4B02-9BBE-5607F8A393AA}.Release|Any CPU.Build.0 = Release|Any CPU
		{707A05C0-4366-43CC-AC4C-E519E006E38F}.Debug|Any CPU.ActiveCfg = Debug|Any CPU
		{707A05C0-4366-43CC-AC4C-E519E006E38F}.Debug|Any CPU.Build.0 = Debug|Any CPU
		{707A05C0-4366-43CC-AC4C-E519E006E38F}.Release|Any CPU.ActiveCfg = Release|Any CPU
		{707A05C0-4366-43CC-AC4C-E519E006E38F}.Release|Any CPU.Build.0 = Release|Any CPU
		{9C21CE1F-6346-424E-B7B8-019625F2C2BB}.Debug|Any CPU.ActiveCfg = Debug|Any CPU
		{9C21CE1F-6346-424E-B7B8-019625F2C2BB}.Debug|Any CPU.Build.0 = Debug|Any CPU
		{9C21CE1F-6346-424E-B7B8-019625F2C2BB}.Release|Any CPU.ActiveCfg = Release|Any CPU
		{9C21CE1F-6346-424E-B7B8-019625F2C2BB}.Release|Any CPU.Build.0 = Release|Any CPU
		{43739992-6FFF-48BF-A507-D5A211134E76}.Debug|Any CPU.ActiveCfg = Debug|Any CPU
		{43739992-6FFF-48BF-A507-D5A211134E76}.Debug|Any CPU.Build.0 = Debug|Any CPU
		{43739992-6FFF-48BF-A507-D5A211134E76}.Release|Any CPU.ActiveCfg = Release|Any CPU
		{43739992-6FFF-48BF-A507-D5A211134E76}.Release|Any CPU.Build.0 = Release|Any CPU
		{1A22A4F7-7F71-48BE-B7AD-145BBB52C594}.Debug|Any CPU.ActiveCfg = Debug|Any CPU
		{1A22A4F7-7F71-48BE-B7AD-145BBB52C594}.Debug|Any CPU.Build.0 = Debug|Any CPU
		{1A22A4F7-7F71-48BE-B7AD-145BBB52C594}.Release|Any CPU.ActiveCfg = Release|Any CPU
		{1A22A4F7-7F71-48BE-B7AD-145BBB52C594}.Release|Any CPU.Build.0 = Release|Any CPU
		{2BFACDC3-F44D-4199-8498-F5C3C4AC0335}.Debug|Any CPU.ActiveCfg = Debug|Any CPU
		{2BFACDC3-F44D-4199-8498-F5C3C4AC0335}.Debug|Any CPU.Build.0 = Debug|Any CPU
		{2BFACDC3-F44D-4199-8498-F5C3C4AC0335}.Release|Any CPU.ActiveCfg = Release|Any CPU
		{2BFACDC3-F44D-4199-8498-F5C3C4AC0335}.Release|Any CPU.Build.0 = Release|Any CPU
		{E461C0A8-8900-485C-B520-E929BA33F712}.Debug|Any CPU.ActiveCfg = Debug|Any CPU
		{E461C0A8-8900-485C-B520-E929BA33F712}.Debug|Any CPU.Build.0 = Debug|Any CPU
		{E461C0A8-8900-485C-B520-E929BA33F712}.Release|Any CPU.ActiveCfg = Release|Any CPU
		{E461C0A8-8900-485C-B520-E929BA33F712}.Release|Any CPU.Build.0 = Release|Any CPU
		{9CE98F00-53EA-44AC-B3A0-0417A4EAB6D2}.Debug|Any CPU.ActiveCfg = Debug|Any CPU
		{9CE98F00-53EA-44AC-B3A0-0417A4EAB6D2}.Debug|Any CPU.Build.0 = Debug|Any CPU
		{9CE98F00-53EA-44AC-B3A0-0417A4EAB6D2}.Release|Any CPU.ActiveCfg = Release|Any CPU
		{9CE98F00-53EA-44AC-B3A0-0417A4EAB6D2}.Release|Any CPU.Build.0 = Release|Any CPU
		{26637CD5-EA8E-4EDB-9DB7-71DB8B62BAC3}.Debug|Any CPU.ActiveCfg = Debug|Any CPU
		{26637CD5-EA8E-4EDB-9DB7-71DB8B62BAC3}.Debug|Any CPU.Build.0 = Debug|Any CPU
		{26637CD5-EA8E-4EDB-9DB7-71DB8B62BAC3}.Release|Any CPU.ActiveCfg = Release|Any CPU
		{26637CD5-EA8E-4EDB-9DB7-71DB8B62BAC3}.Release|Any CPU.Build.0 = Release|Any CPU
		{9BE3DFBA-0785-4990-A899-E2088F492DFC}.Debug|Any CPU.ActiveCfg = Debug|Any CPU
		{9BE3DFBA-0785-4990-A899-E2088F492DFC}.Debug|Any CPU.Build.0 = Debug|Any CPU
		{9BE3DFBA-0785-4990-A899-E2088F492DFC}.Release|Any CPU.ActiveCfg = Release|Any CPU
		{9BE3DFBA-0785-4990-A899-E2088F492DFC}.Release|Any CPU.Build.0 = Release|Any CPU
		{3DB212CB-D3C8-4E9B-8B59-64813767EEF7}.Debug|Any CPU.ActiveCfg = Debug|Any CPU
		{3DB212CB-D3C8-4E9B-8B59-64813767EEF7}.Debug|Any CPU.Build.0 = Debug|Any CPU
		{3DB212CB-D3C8-4E9B-8B59-64813767EEF7}.Release|Any CPU.ActiveCfg = Release|Any CPU
		{3DB212CB-D3C8-4E9B-8B59-64813767EEF7}.Release|Any CPU.Build.0 = Release|Any CPU
		{25D84666-9BB9-46DD-97B5-6B8308293DEE}.Debug|Any CPU.ActiveCfg = Debug|Any CPU
		{25D84666-9BB9-46DD-97B5-6B8308293DEE}.Debug|Any CPU.Build.0 = Debug|Any CPU
		{25D84666-9BB9-46DD-97B5-6B8308293DEE}.Release|Any CPU.ActiveCfg = Release|Any CPU
		{25D84666-9BB9-46DD-97B5-6B8308293DEE}.Release|Any CPU.Build.0 = Release|Any CPU
		{99D80059-DBCA-42A7-9A7B-3FEDD26652FA}.Debug|Any CPU.ActiveCfg = Debug|Any CPU
		{99D80059-DBCA-42A7-9A7B-3FEDD26652FA}.Debug|Any CPU.Build.0 = Debug|Any CPU
		{99D80059-DBCA-42A7-9A7B-3FEDD26652FA}.Release|Any CPU.ActiveCfg = Release|Any CPU
		{99D80059-DBCA-42A7-9A7B-3FEDD26652FA}.Release|Any CPU.Build.0 = Release|Any CPU
		{46E83855-247C-4B32-882A-A2A1DF89BE52}.Debug|Any CPU.ActiveCfg = Debug|Any CPU
		{46E83855-247C-4B32-882A-A2A1DF89BE52}.Debug|Any CPU.Build.0 = Debug|Any CPU
		{46E83855-247C-4B32-882A-A2A1DF89BE52}.Release|Any CPU.ActiveCfg = Release|Any CPU
		{46E83855-247C-4B32-882A-A2A1DF89BE52}.Release|Any CPU.Build.0 = Release|Any CPU
		{E076E3D4-C98E-4C06-9FD1-8B6464E56227}.Debug|Any CPU.ActiveCfg = Debug|Any CPU
		{E076E3D4-C98E-4C06-9FD1-8B6464E56227}.Debug|Any CPU.Build.0 = Debug|Any CPU
		{E076E3D4-C98E-4C06-9FD1-8B6464E56227}.Release|Any CPU.ActiveCfg = Release|Any CPU
		{E076E3D4-C98E-4C06-9FD1-8B6464E56227}.Release|Any CPU.Build.0 = Release|Any CPU
		{8D431233-9C97-42C8-A9DE-92DB323A8C48}.Debug|Any CPU.ActiveCfg = Debug|Any CPU
		{8D431233-9C97-42C8-A9DE-92DB323A8C48}.Debug|Any CPU.Build.0 = Debug|Any CPU
		{8D431233-9C97-42C8-A9DE-92DB323A8C48}.Release|Any CPU.ActiveCfg = Release|Any CPU
		{8D431233-9C97-42C8-A9DE-92DB323A8C48}.Release|Any CPU.Build.0 = Release|Any CPU
		{A50601C3-C523-4170-A236-4AE93C2B7A3B}.Debug|Any CPU.ActiveCfg = Debug|Any CPU
		{A50601C3-C523-4170-A236-4AE93C2B7A3B}.Debug|Any CPU.Build.0 = Debug|Any CPU
		{A50601C3-C523-4170-A236-4AE93C2B7A3B}.Release|Any CPU.ActiveCfg = Release|Any CPU
		{A50601C3-C523-4170-A236-4AE93C2B7A3B}.Release|Any CPU.Build.0 = Release|Any CPU
		{3ED2C903-4A14-4AE7-99B9-7879333C1C0E}.Debug|Any CPU.ActiveCfg = Debug|Any CPU
		{3ED2C903-4A14-4AE7-99B9-7879333C1C0E}.Debug|Any CPU.Build.0 = Debug|Any CPU
		{3ED2C903-4A14-4AE7-99B9-7879333C1C0E}.Release|Any CPU.ActiveCfg = Release|Any CPU
		{3ED2C903-4A14-4AE7-99B9-7879333C1C0E}.Release|Any CPU.Build.0 = Release|Any CPU
		{8FA80A76-921E-47DD-88A3-6156A255E474}.Debug|Any CPU.ActiveCfg = Debug|Any CPU
		{8FA80A76-921E-47DD-88A3-6156A255E474}.Debug|Any CPU.Build.0 = Debug|Any CPU
		{8FA80A76-921E-47DD-88A3-6156A255E474}.Release|Any CPU.ActiveCfg = Release|Any CPU
		{8FA80A76-921E-47DD-88A3-6156A255E474}.Release|Any CPU.Build.0 = Release|Any CPU
		{8D9ED8A0-B0C7-4CFD-AD3F-8C32B4F839CD}.Debug|Any CPU.ActiveCfg = Debug|Any CPU
		{8D9ED8A0-B0C7-4CFD-AD3F-8C32B4F839CD}.Debug|Any CPU.Build.0 = Debug|Any CPU
		{8D9ED8A0-B0C7-4CFD-AD3F-8C32B4F839CD}.Release|Any CPU.ActiveCfg = Release|Any CPU
		{8D9ED8A0-B0C7-4CFD-AD3F-8C32B4F839CD}.Release|Any CPU.Build.0 = Release|Any CPU
		{C972DF21-B569-4480-BE05-56852E9F53D4}.Debug|Any CPU.ActiveCfg = Debug|Any CPU
		{C972DF21-B569-4480-BE05-56852E9F53D4}.Debug|Any CPU.Build.0 = Debug|Any CPU
		{C972DF21-B569-4480-BE05-56852E9F53D4}.Release|Any CPU.ActiveCfg = Release|Any CPU
		{C972DF21-B569-4480-BE05-56852E9F53D4}.Release|Any CPU.Build.0 = Release|Any CPU
		{8D58852A-0B3B-4E7E-87A2-0E04D8E9E2C6}.Debug|Any CPU.ActiveCfg = Debug|Any CPU
		{8D58852A-0B3B-4E7E-87A2-0E04D8E9E2C6}.Debug|Any CPU.Build.0 = Debug|Any CPU
		{8D58852A-0B3B-4E7E-87A2-0E04D8E9E2C6}.Release|Any CPU.ActiveCfg = Release|Any CPU
		{8D58852A-0B3B-4E7E-87A2-0E04D8E9E2C6}.Release|Any CPU.Build.0 = Release|Any CPU
		{87D2CBB2-04F2-4FD7-9257-7A29A6DBB732}.Debug|Any CPU.ActiveCfg = Debug|Any CPU
		{87D2CBB2-04F2-4FD7-9257-7A29A6DBB732}.Debug|Any CPU.Build.0 = Debug|Any CPU
		{87D2CBB2-04F2-4FD7-9257-7A29A6DBB732}.Release|Any CPU.ActiveCfg = Release|Any CPU
		{87D2CBB2-04F2-4FD7-9257-7A29A6DBB732}.Release|Any CPU.Build.0 = Release|Any CPU
		{54749260-A59D-421C-A37D-8CFC986C53E2}.Debug|Any CPU.ActiveCfg = Debug|Any CPU
		{54749260-A59D-421C-A37D-8CFC986C53E2}.Debug|Any CPU.Build.0 = Debug|Any CPU
		{54749260-A59D-421C-A37D-8CFC986C53E2}.Release|Any CPU.ActiveCfg = Release|Any CPU
		{54749260-A59D-421C-A37D-8CFC986C53E2}.Release|Any CPU.Build.0 = Release|Any CPU
		{0B81B51E-4602-41B6-BAC1-D447C41B7D8A}.Debug|Any CPU.ActiveCfg = Debug|Any CPU
		{0B81B51E-4602-41B6-BAC1-D447C41B7D8A}.Debug|Any CPU.Build.0 = Debug|Any CPU
		{0B81B51E-4602-41B6-BAC1-D447C41B7D8A}.Release|Any CPU.ActiveCfg = Release|Any CPU
		{0B81B51E-4602-41B6-BAC1-D447C41B7D8A}.Release|Any CPU.Build.0 = Release|Any CPU
		{B63D7451-B4E9-4883-B784-18C6800CE318}.Debug|Any CPU.ActiveCfg = Debug|Any CPU
		{B63D7451-B4E9-4883-B784-18C6800CE318}.Debug|Any CPU.Build.0 = Debug|Any CPU
		{B63D7451-B4E9-4883-B784-18C6800CE318}.Release|Any CPU.ActiveCfg = Release|Any CPU
		{B63D7451-B4E9-4883-B784-18C6800CE318}.Release|Any CPU.Build.0 = Release|Any CPU
		{0DBCEAFE-F5B1-47A9-B708-1B201AC95AE6}.Debug|Any CPU.ActiveCfg = Debug|Any CPU
		{0DBCEAFE-F5B1-47A9-B708-1B201AC95AE6}.Debug|Any CPU.Build.0 = Debug|Any CPU
		{0DBCEAFE-F5B1-47A9-B708-1B201AC95AE6}.Release|Any CPU.ActiveCfg = Release|Any CPU
		{0DBCEAFE-F5B1-47A9-B708-1B201AC95AE6}.Release|Any CPU.Build.0 = Release|Any CPU
		{7155CC8C-F7D3-425B-BECB-3E0882D32DCE}.Debug|Any CPU.ActiveCfg = Debug|Any CPU
		{7155CC8C-F7D3-425B-BECB-3E0882D32DCE}.Debug|Any CPU.Build.0 = Debug|Any CPU
		{7155CC8C-F7D3-425B-BECB-3E0882D32DCE}.Release|Any CPU.ActiveCfg = Release|Any CPU
		{7155CC8C-F7D3-425B-BECB-3E0882D32DCE}.Release|Any CPU.Build.0 = Release|Any CPU
		{C55AE10A-00DC-493A-BF5A-2C4210165222}.Debug|Any CPU.ActiveCfg = Debug|Any CPU
		{C55AE10A-00DC-493A-BF5A-2C4210165222}.Debug|Any CPU.Build.0 = Debug|Any CPU
		{C55AE10A-00DC-493A-BF5A-2C4210165222}.Release|Any CPU.ActiveCfg = Release|Any CPU
		{C55AE10A-00DC-493A-BF5A-2C4210165222}.Release|Any CPU.Build.0 = Release|Any CPU
		{E5E8F48D-EF5E-4864-A015-A0DBEBE14C36}.Debug|Any CPU.ActiveCfg = Debug|Any CPU
		{E5E8F48D-EF5E-4864-A015-A0DBEBE14C36}.Debug|Any CPU.Build.0 = Debug|Any CPU
		{E5E8F48D-EF5E-4864-A015-A0DBEBE14C36}.Release|Any CPU.ActiveCfg = Release|Any CPU
		{E5E8F48D-EF5E-4864-A015-A0DBEBE14C36}.Release|Any CPU.Build.0 = Release|Any CPU
		{7B470022-9102-4CC5-B7D6-3316BE3254FE}.Debug|Any CPU.ActiveCfg = Debug|Any CPU
		{7B470022-9102-4CC5-B7D6-3316BE3254FE}.Debug|Any CPU.Build.0 = Debug|Any CPU
		{7B470022-9102-4CC5-B7D6-3316BE3254FE}.Release|Any CPU.ActiveCfg = Release|Any CPU
		{7B470022-9102-4CC5-B7D6-3316BE3254FE}.Release|Any CPU.Build.0 = Release|Any CPU
		{E8523F16-9C31-4E93-B9B3-EC58AEAF8EF9}.Debug|Any CPU.ActiveCfg = Debug|Any CPU
		{E8523F16-9C31-4E93-B9B3-EC58AEAF8EF9}.Debug|Any CPU.Build.0 = Debug|Any CPU
		{E8523F16-9C31-4E93-B9B3-EC58AEAF8EF9}.Release|Any CPU.ActiveCfg = Release|Any CPU
		{E8523F16-9C31-4E93-B9B3-EC58AEAF8EF9}.Release|Any CPU.Build.0 = Release|Any CPU
		{A0DD6F00-150C-42A3-960C-8326F3821C6F}.Debug|Any CPU.ActiveCfg = Debug|Any CPU
		{A0DD6F00-150C-42A3-960C-8326F3821C6F}.Debug|Any CPU.Build.0 = Debug|Any CPU
		{A0DD6F00-150C-42A3-960C-8326F3821C6F}.Release|Any CPU.ActiveCfg = Release|Any CPU
		{A0DD6F00-150C-42A3-960C-8326F3821C6F}.Release|Any CPU.Build.0 = Release|Any CPU
		{766D769B-C3EB-4405-86D3-82588BF043EB}.Debug|Any CPU.ActiveCfg = Debug|Any CPU
		{766D769B-C3EB-4405-86D3-82588BF043EB}.Debug|Any CPU.Build.0 = Debug|Any CPU
		{766D769B-C3EB-4405-86D3-82588BF043EB}.Release|Any CPU.ActiveCfg = Release|Any CPU
		{766D769B-C3EB-4405-86D3-82588BF043EB}.Release|Any CPU.Build.0 = Release|Any CPU
		{9119D40A-2850-4D66-B436-E1417F4828AE}.Debug|Any CPU.ActiveCfg = Debug|Any CPU
		{9119D40A-2850-4D66-B436-E1417F4828AE}.Debug|Any CPU.Build.0 = Debug|Any CPU
		{9119D40A-2850-4D66-B436-E1417F4828AE}.Release|Any CPU.ActiveCfg = Release|Any CPU
		{9119D40A-2850-4D66-B436-E1417F4828AE}.Release|Any CPU.Build.0 = Release|Any CPU
		{F281AD77-E9E2-4746-817D-64F614D47A4F}.Debug|Any CPU.ActiveCfg = Debug|Any CPU
		{F281AD77-E9E2-4746-817D-64F614D47A4F}.Debug|Any CPU.Build.0 = Debug|Any CPU
		{F281AD77-E9E2-4746-817D-64F614D47A4F}.Release|Any CPU.ActiveCfg = Release|Any CPU
		{F281AD77-E9E2-4746-817D-64F614D47A4F}.Release|Any CPU.Build.0 = Release|Any CPU
		{088B9DDC-BA3C-4FF0-8D28-9A0DD98ADB83}.Debug|Any CPU.ActiveCfg = Debug|Any CPU
		{088B9DDC-BA3C-4FF0-8D28-9A0DD98ADB83}.Debug|Any CPU.Build.0 = Debug|Any CPU
		{088B9DDC-BA3C-4FF0-8D28-9A0DD98ADB83}.Release|Any CPU.ActiveCfg = Release|Any CPU
		{088B9DDC-BA3C-4FF0-8D28-9A0DD98ADB83}.Release|Any CPU.Build.0 = Release|Any CPU
		{0F1D5C34-C52B-48A7-BE1C-452B1405148A}.Debug|Any CPU.ActiveCfg = Debug|Any CPU
		{0F1D5C34-C52B-48A7-BE1C-452B1405148A}.Debug|Any CPU.Build.0 = Debug|Any CPU
		{0F1D5C34-C52B-48A7-BE1C-452B1405148A}.Release|Any CPU.ActiveCfg = Release|Any CPU
		{0F1D5C34-C52B-48A7-BE1C-452B1405148A}.Release|Any CPU.Build.0 = Release|Any CPU
		{8D13769B-834D-47BF-A407-CF6DA758F732}.Debug|Any CPU.ActiveCfg = Debug|Any CPU
		{8D13769B-834D-47BF-A407-CF6DA758F732}.Debug|Any CPU.Build.0 = Debug|Any CPU
		{8D13769B-834D-47BF-A407-CF6DA758F732}.Release|Any CPU.ActiveCfg = Release|Any CPU
		{8D13769B-834D-47BF-A407-CF6DA758F732}.Release|Any CPU.Build.0 = Release|Any CPU
	EndGlobalSection
	GlobalSection(SolutionProperties) = preSolution
		HideSolutionNode = FALSE
	EndGlobalSection
	GlobalSection(NestedProjects) = preSolution
		{204C60DB-0C49-48BD-9C1C-AD3EF896877A} = {1BBEB356-C792-400B-B029-5811C3B42088}
		{5B413F61-CCAA-4512-98E0-432E725CBE88} = {1BBEB356-C792-400B-B029-5811C3B42088}
		{63A71B25-BEF0-45C2-BF10-8D95026B8B72} = {6ED46AAE-322C-4909-9E5F-9D3E10D6BC04}
		{CD2309F2-976F-4637-8B16-C00A0FDE0C78} = {63A71B25-BEF0-45C2-BF10-8D95026B8B72}
		{9B364966-C1DA-40E5-84FA-4C58A5B0181B} = {6ED46AAE-322C-4909-9E5F-9D3E10D6BC04}
		{60883229-DD01-4438-94FE-12C8B1290559} = {9B364966-C1DA-40E5-84FA-4C58A5B0181B}
		{3F82500D-ABC1-4940-80A8-39C492C53EBD} = {6ED46AAE-322C-4909-9E5F-9D3E10D6BC04}
		{51B4F3BE-9BAA-44D2-A87F-D765D2880D4A} = {3F82500D-ABC1-4940-80A8-39C492C53EBD}
		{897C8586-F25B-430F-B0A9-C2C0AF8E6270} = {3F82500D-ABC1-4940-80A8-39C492C53EBD}
		{0CFE1BE0-EAB3-40B0-909A-1A55C9A9490C} = {76736587-98B3-4F3D-9CBE-4D95AD271BB3}
		{F2D810ED-2577-47C6-A3FD-83D8DBC01EC2} = {236DB2A6-05F4-4549-AD82-634305B2B964}
		{AAC07CAA-4630-45FC-8F66-338FA21D2E5C} = {236DB2A6-05F4-4549-AD82-634305B2B964}
		{2EE659CC-E4CA-4BD2-8A34-316883AABE59} = {AAC07CAA-4630-45FC-8F66-338FA21D2E5C}
		{36EB539C-62C8-4D23-8197-A922A482971A} = {AAC07CAA-4630-45FC-8F66-338FA21D2E5C}
		{CCA9A935-C9FA-4664-8B3A-63924F8F1FA4} = {B3039825-1A8A-4340-AB1E-20F8BD1FE3E7}
		{F333117C-133B-46A8-AA78-295C2EC9FFA3} = {B3039825-1A8A-4340-AB1E-20F8BD1FE3E7}
		{FBF0594A-4FEF-4E80-A8EA-786E27096653} = {F333117C-133B-46A8-AA78-295C2EC9FFA3}
		{48ECCD7C-6400-4501-B800-FE69461E592C} = {F333117C-133B-46A8-AA78-295C2EC9FFA3}
		{D1554C10-977D-46FE-8019-4D31A596F706} = {1964DBEF-3016-46FB-8BCB-34D64BACAA8B}
		{1ECA65DC-0692-48C6-BB41-DB293FAA5B09} = {D1554C10-977D-46FE-8019-4D31A596F706}
		{4600799E-29CD-4AEC-AA2F-0DEA481B5718} = {D1554C10-977D-46FE-8019-4D31A596F706}
		{0B05F599-0457-41DE-B395-A03A70BDE0CE} = {D1554C10-977D-46FE-8019-4D31A596F706}
		{5AC061CD-BAA5-45FC-BD4F-E9A75BCA046D} = {01517A37-557E-4E57-B1E7-F31626AE52C9}
		{E989DAA4-70DA-4B02-9BBE-5607F8A393AA} = {5AC061CD-BAA5-45FC-BD4F-E9A75BCA046D}
		{707A05C0-4366-43CC-AC4C-E519E006E38F} = {5AC061CD-BAA5-45FC-BD4F-E9A75BCA046D}
		{9C21CE1F-6346-424E-B7B8-019625F2C2BB} = {01517A37-557E-4E57-B1E7-F31626AE52C9}
		{43739992-6FFF-48BF-A507-D5A211134E76} = {5E56D531-DCE7-46F4-BC8E-C88BEA051F59}
		{1A22A4F7-7F71-48BE-B7AD-145BBB52C594} = {5E56D531-DCE7-46F4-BC8E-C88BEA051F59}
		{2BFACDC3-F44D-4199-8498-F5C3C4AC0335} = {3173C63E-530D-4275-9D13-8AF32D79E2AE}
		{E461C0A8-8900-485C-B520-E929BA33F712} = {3173C63E-530D-4275-9D13-8AF32D79E2AE}
		{9CE98F00-53EA-44AC-B3A0-0417A4EAB6D2} = {5E56D531-DCE7-46F4-BC8E-C88BEA051F59}
		{26637CD5-EA8E-4EDB-9DB7-71DB8B62BAC3} = {5E56D531-DCE7-46F4-BC8E-C88BEA051F59}
		{9BE3DFBA-0785-4990-A899-E2088F492DFC} = {BDA05BED-8FB4-42E2-A0C2-550A2BDE05AF}
		{3DB212CB-D3C8-4E9B-8B59-64813767EEF7} = {76736587-98B3-4F3D-9CBE-4D95AD271BB3}
		{98D93800-11C4-41FC-BCB8-19EE684F73D2} = {BDA05BED-8FB4-42E2-A0C2-550A2BDE05AF}
		{25D84666-9BB9-46DD-97B5-6B8308293DEE} = {98D93800-11C4-41FC-BCB8-19EE684F73D2}
		{99D80059-DBCA-42A7-9A7B-3FEDD26652FA} = {A5EE06F4-DD89-46A6-8413-44E64A6AF29A}
		{46E83855-247C-4B32-882A-A2A1DF89BE52} = {A5EE06F4-DD89-46A6-8413-44E64A6AF29A}
		{E076E3D4-C98E-4C06-9FD1-8B6464E56227} = {A5EE06F4-DD89-46A6-8413-44E64A6AF29A}
		{8D431233-9C97-42C8-A9DE-92DB323A8C48} = {D6856641-CD60-4AD9-9C0A-15A1A87C8871}
		{EF189876-29D2-47D4-B2F5-10F3FCE4D573} = {D6856641-CD60-4AD9-9C0A-15A1A87C8871}
		{A50601C3-C523-4170-A236-4AE93C2B7A3B} = {EF189876-29D2-47D4-B2F5-10F3FCE4D573}
		{3ED2C903-4A14-4AE7-99B9-7879333C1C0E} = {D6856641-CD60-4AD9-9C0A-15A1A87C8871}
		{8FA80A76-921E-47DD-88A3-6156A255E474} = {76736587-98B3-4F3D-9CBE-4D95AD271BB3}
		{8D9ED8A0-B0C7-4CFD-AD3F-8C32B4F839CD} = {0BD67FC8-0266-4E84-92FC-03BD95DCAB52}
		{C972DF21-B569-4480-BE05-56852E9F53D4} = {76736587-98B3-4F3D-9CBE-4D95AD271BB3}
		{8D58852A-0B3B-4E7E-87A2-0E04D8E9E2C6} = {069579A7-4C3A-41CB-82CB-7010729D2CCA}
		{4A0B7DF2-0D3F-429F-A30E-C50536A0E053} = {069579A7-4C3A-41CB-82CB-7010729D2CCA}
		{87D2CBB2-04F2-4FD7-9257-7A29A6DBB732} = {4A0B7DF2-0D3F-429F-A30E-C50536A0E053}
		{54749260-A59D-421C-A37D-8CFC986C53E2} = {69B925F9-404A-41F1-AB09-65E777416B68}
		{0B81B51E-4602-41B6-BAC1-D447C41B7D8A} = {69B925F9-404A-41F1-AB09-65E777416B68}
		{B63D7451-B4E9-4883-B784-18C6800CE318} = {DE853621-22FC-478C-AC1D-97E90E298881}
		{0DBCEAFE-F5B1-47A9-B708-1B201AC95AE6} = {DE853621-22FC-478C-AC1D-97E90E298881}
		{C2013337-01EC-41B5-AD56-BACE8E0E5099} = {DE853621-22FC-478C-AC1D-97E90E298881}
		{7155CC8C-F7D3-425B-BECB-3E0882D32DCE} = {C2013337-01EC-41B5-AD56-BACE8E0E5099}
		{F3EE282F-7F23-4395-BF2A-281122CDE7DA} = {DE853621-22FC-478C-AC1D-97E90E298881}
		{C55AE10A-00DC-493A-BF5A-2C4210165222} = {F3EE282F-7F23-4395-BF2A-281122CDE7DA}
		{E5E8F48D-EF5E-4864-A015-A0DBEBE14C36} = {C2013337-01EC-41B5-AD56-BACE8E0E5099}
		{7B470022-9102-4CC5-B7D6-3316BE3254FE} = {C2013337-01EC-41B5-AD56-BACE8E0E5099}
		{E8523F16-9C31-4E93-B9B3-EC58AEAF8EF9} = {72CB5FF0-E7DB-4679-A4D7-8FB79313E438}
		{A0DD6F00-150C-42A3-960C-8326F3821C6F} = {72CB5FF0-E7DB-4679-A4D7-8FB79313E438}
		{766D769B-C3EB-4405-86D3-82588BF043EB} = {72CB5FF0-E7DB-4679-A4D7-8FB79313E438}
		{9119D40A-2850-4D66-B436-E1417F4828AE} = {72CB5FF0-E7DB-4679-A4D7-8FB79313E438}
		{F281AD77-E9E2-4746-817D-64F614D47A4F} = {72CB5FF0-E7DB-4679-A4D7-8FB79313E438}
		{088B9DDC-BA3C-4FF0-8D28-9A0DD98ADB83} = {72CB5FF0-E7DB-4679-A4D7-8FB79313E438}
		{0F1D5C34-C52B-48A7-BE1C-452B1405148A} = {72CB5FF0-E7DB-4679-A4D7-8FB79313E438}
		{8D13769B-834D-47BF-A407-CF6DA758F732} = {6A98B239-A305-4371-AD02-EB8EAB101968}
	EndGlobalSection
	GlobalSection(ExtensibilityGlobals) = postSolution
		SolutionGuid = {9C8087DD-F118-4FF7-B72F-85FD77E15625}
	EndGlobalSection
EndGlobal
